{
  "nodes": {
    "home-manager": {
      "inputs": {
        "nixpkgs": [
          "nixpkgs"
        ],
        "utils": "utils"
      },
      "locked": {
        "lastModified": 1664286632,
        "narHash": "sha256-fKENvLanhmBENlIbmDAVB8SKSbwdLLBYKu6B7oJ0rLc=",
        "owner": "nix-community",
        "repo": "home-manager",
        "rev": "6dc8a43f397c92afbc3f771385ac803d96d5eeb5",
        "type": "github"
      },
      "original": {
        "owner": "nix-community",
        "repo": "home-manager",
        "type": "github"
      }
    },
    "hyprland": {
      "inputs": {
        "nixpkgs": [
          "nixpkgs"
        ],
        "wlroots": "wlroots"
      },
      "locked": {
        "lastModified": 1664553873,
        "narHash": "sha256-XPvqSkIS/FKre626VPpjO5fWoIi9blYEkOy23jw2BMw=",
        "owner": "hyprwm",
        "repo": "Hyprland",
        "rev": "1ef23a304abc6e8fd4d92c7abab295aea37e170a",
        "type": "github"
      },
      "original": {
        "owner": "hyprwm",
        "repo": "Hyprland",
        "type": "github"
      }
    },
    "nixpkgs": {
      "locked": {
        "lastModified": 1664281702,
        "narHash": "sha256-haixZ4TJLu1Dciow54wrHrHvlGDVr5sW6MTeAV/ZLuI=",
        "owner": "NixOS",
        "repo": "nixpkgs",
        "rev": "7e52b35fe98481a279d89f9c145f8076d049d2b9",
        "type": "github"
      },
      "original": {
        "owner": "NixOS",
        "ref": "nixos-unstable",
        "repo": "nixpkgs",
        "type": "github"
      }
    },
    "nur": {
      "locked": {
        "lastModified": 1664382743,
        "narHash": "sha256-rtDxdzj5IBvO114QP9gyfjVt9N7tZWd0e2/RQxrDtw4=",
        "owner": "nix-community",
        "repo": "NUR",
        "rev": "8ca43145e3b31861d807c8df3ce53f559c3b5762",
        "type": "github"
      },
      "original": {
        "owner": "nix-community",
        "repo": "NUR",
        "type": "github"
      }
    },
    "root": {
      "inputs": {
        "home-manager": "home-manager",
        "hyprland": "hyprland",
        "nixpkgs": "nixpkgs",
        "nur": "nur"
      }
    },
    "utils": {
      "locked": {
        "lastModified": 1659877975,
        "narHash": "sha256-zllb8aq3YO3h8B/U0/J1WBgAL8EX5yWf5pMj3G0NAmc=",
        "owner": "numtide",
        "repo": "flake-utils",
        "rev": "c0e246b9b83f637f4681389ecabcb2681b4f3af0",
        "type": "github"
      },
      "original": {
        "owner": "numtide",
        "repo": "flake-utils",
        "type": "github"
      }
    },
    "wlroots": {
      "flake": false,
      "locked": {
        "host": "gitlab.freedesktop.org",
        "lastModified": 1663507239,
        "narHash": "sha256-LISZtkPVe8lQ2N8YwVe+KxCkXWLP9mdw6Q2kG93wE8A=",
        "owner": "wlroots",
        "repo": "wlroots",
        "rev": "2ad25b1460400e66ea26bd6489b04072be7d9dbb",
        "type": "gitlab"
      },
      "original": {
        "host": "gitlab.freedesktop.org",
        "owner": "wlroots",
        "repo": "wlroots",
        "type": "gitlab"
      }
    }
  },
  "root": "root",
  "version": 7
}
